
Microsoft Visual Studio Solution File, Format Version 12.00
# Visual Studio 15
VisualStudioVersion = 15.0.28010.2026
MinimumVisualStudioVersion = 10.0.40219.1
Project("{9092AA53-FB77-4645-B42D-1CCCA6BD08BD}") = "POS", "POS\POS.njsproj", "{1A3AE9A2-E005-4B17-BECD-A4F070FCB218}"
EndProject
Global
	GlobalSection(SolutionConfigurationPlatforms) = preSolution
		Debug|Any CPU = Debug|Any CPU
		Release|Any CPU = Release|Any CPU
	EndGlobalSection
	GlobalSection(ProjectConfigurationPlatforms) = postSolution
		{1A3AE9A2-E005-4B17-BECD-A4F070FCB218}.Debug|Any CPU.ActiveCfg = Debug|Any CPU
		{1A3AE9A2-E005-4B17-BECD-A4F070FCB218}.Debug|Any CPU.Build.0 = Debug|Any CPU
		{1A3AE9A2-E005-4B17-BECD-A4F070FCB218}.Release|Any CPU.ActiveCfg = Release|Any CPU
		{1A3AE9A2-E005-4B17-BECD-A4F070FCB218}.Release|Any CPU.Build.0 = Release|Any CPU
	EndGlobalSection
	GlobalSection(SolutionProperties) = preSolution
		HideSolutionNode = FALSE
	EndGlobalSection
	GlobalSection(ExtensibilityGlobals) = postSolution
		SolutionGuid = {74C47DCC-0971-4F24-8D45-8DFE4A1475D7}
	EndGlobalSection
EndGlobal
